
Microsoft Visual Studio Solution File, Format Version 12.00
# Visual Studio 15
VisualStudioVersion = 15.0.27130.2010
MinimumVisualStudioVersion = 10.0.40219.1
Project("{FAE04EC0-301F-11D3-BF4B-00C04F79EFBC}") = "lowbot", "lowbot\lowbot.csproj", "{48C0273D-2D22-45FC-B6EC-10ABC6F7FAF4}"
EndProject
Global
	GlobalSection(SolutionConfigurationPlatforms) = preSolution
		Debug|Any CPU = Debug|Any CPU
		Release|Any CPU = Release|Any CPU
	EndGlobalSection
	GlobalSection(ProjectConfigurationPlatforms) = postSolution
		{48C0273D-2D22-45FC-B6EC-10ABC6F7FAF4}.Debug|Any CPU.ActiveCfg = Debug|Any CPU
		{48C0273D-2D22-45FC-B6EC-10ABC6F7FAF4}.Debug|Any CPU.Build.0 = Debug|Any CPU
		{48C0273D-2D22-45FC-B6EC-10ABC6F7FAF4}.Release|Any CPU.ActiveCfg = Release|Any CPU
		{48C0273D-2D22-45FC-B6EC-10ABC6F7FAF4}.Release|Any CPU.Build.0 = Release|Any CPU
	EndGlobalSection
	GlobalSection(SolutionProperties) = preSolution
		HideSolutionNode = FALSE
	EndGlobalSection
	GlobalSection(ExtensibilityGlobals) = postSolution
		SolutionGuid = {E13A9B30-0986-467F-ACB6-CA21DCAE35AB}
	EndGlobalSection
EndGlobal
